// !$*UTF8*$!
{
	archiveVersion = 1;
	classes = {
	};
	objectVersion = 50;
	objects = {

/* Begin PBXBuildFile section */
		2BF5662CAEA91CFE7B5EC745 /* Pods_Auto1CarsTests.framework in Frameworks */ = {isa = PBXBuildFile; fileRef = 533B1A62617C45CA70E1ABFF /* Pods_Auto1CarsTests.framework */; };
		60069E04EE41668DF6EBF38B /* Pods_Auto1Cars.framework in Frameworks */ = {isa = PBXBuildFile; fileRef = 1A97D4B722EF7D4D2A8D2158 /* Pods_Auto1Cars.framework */; };
		A25B509C2348891D00B68794 /* AppDelegate.swift in Sources */ = {isa = PBXBuildFile; fileRef = A25B509B2348891D00B68794 /* AppDelegate.swift */; };
		A25B509E2348891D00B68794 /* ViewController.swift in Sources */ = {isa = PBXBuildFile; fileRef = A25B509D2348891D00B68794 /* ViewController.swift */; };
		A25B50A12348891D00B68794 /* Main.storyboard in Resources */ = {isa = PBXBuildFile; fileRef = A25B509F2348891D00B68794 /* Main.storyboard */; };
		A25B50A32348892000B68794 /* Assets.xcassets in Resources */ = {isa = PBXBuildFile; fileRef = A25B50A22348892000B68794 /* Assets.xcassets */; };
		A25B50A62348892000B68794 /* LaunchScreen.storyboard in Resources */ = {isa = PBXBuildFile; fileRef = A25B50A42348892000B68794 /* LaunchScreen.storyboard */; };
		A25B50B12348892000B68794 /* Auto1CarsTests.swift in Sources */ = {isa = PBXBuildFile; fileRef = A25B50B02348892000B68794 /* Auto1CarsTests.swift */; };
		A25B50BC2348892000B68794 /* Auto1CarsUITests.swift in Sources */ = {isa = PBXBuildFile; fileRef = A25B50BB2348892000B68794 /* Auto1CarsUITests.swift */; };
		BD91352224A9ADFB7EDF4D1C /* Pods_Auto1CarsUITests.framework in Frameworks */ = {isa = PBXBuildFile; fileRef = 2751C18EE4385C3DA9C8AA3D /* Pods_Auto1CarsUITests.framework */; };
/* End PBXBuildFile section */

/* Begin PBXContainerItemProxy section */
		A25B50AD2348892000B68794 /* PBXContainerItemProxy */ = {
			isa = PBXContainerItemProxy;
			containerPortal = A25B50902348891D00B68794 /* Project object */;
			proxyType = 1;
			remoteGlobalIDString = A25B50972348891D00B68794;
			remoteInfo = Auto1Cars;
		};
		A25B50B82348892000B68794 /* PBXContainerItemProxy */ = {
			isa = PBXContainerItemProxy;
			containerPortal = A25B50902348891D00B68794 /* Project object */;
			proxyType = 1;
			remoteGlobalIDString = A25B50972348891D00B68794;
			remoteInfo = Auto1Cars;
		};
/* End PBXContainerItemProxy section */

/* Begin PBXFileReference section */
		1A97D4B722EF7D4D2A8D2158 /* Pods_Auto1Cars.framework */ = {isa = PBXFileReference; explicitFileType = wrapper.framework; includeInIndex = 0; path = Pods_Auto1Cars.framework; sourceTree = BUILT_PRODUCTS_DIR; };
		2751C18EE4385C3DA9C8AA3D /* Pods_Auto1CarsUITests.framework */ = {isa = PBXFileReference; explicitFileType = wrapper.framework; includeInIndex = 0; path = Pods_Auto1CarsUITests.framework; sourceTree = BUILT_PRODUCTS_DIR; };
		34EBAE4C968B267D43EAB1B2 /* Pods-Auto1CarsUITests.debug.xcconfig */ = {isa = PBXFileReference; includeInIndex = 1; lastKnownFileType = text.xcconfig; name = "Pods-Auto1CarsUITests.debug.xcconfig"; path = "Target Support Files/Pods-Auto1CarsUITests/Pods-Auto1CarsUITests.debug.xcconfig"; sourceTree = "<group>"; };
		36D5576F1FD39AE8BCB7B5B1 /* Pods-Auto1CarsTests.debug.xcconfig */ = {isa = PBXFileReference; includeInIndex = 1; lastKnownFileType = text.xcconfig; name = "Pods-Auto1CarsTests.debug.xcconfig"; path = "Target Support Files/Pods-Auto1CarsTests/Pods-Auto1CarsTests.debug.xcconfig"; sourceTree = "<group>"; };
		52CBDD20EC99C52E70A62288 /* Pods-Auto1Cars.debug.xcconfig */ = {isa = PBXFileReference; includeInIndex = 1; lastKnownFileType = text.xcconfig; name = "Pods-Auto1Cars.debug.xcconfig"; path = "Target Support Files/Pods-Auto1Cars/Pods-Auto1Cars.debug.xcconfig"; sourceTree = "<group>"; };
		533B1A62617C45CA70E1ABFF /* Pods_Auto1CarsTests.framework */ = {isa = PBXFileReference; explicitFileType = wrapper.framework; includeInIndex = 0; path = Pods_Auto1CarsTests.framework; sourceTree = BUILT_PRODUCTS_DIR; };
		5B9B2062475EB25C5B378C52 /* Pods-Auto1CarsUITests.release.xcconfig */ = {isa = PBXFileReference; includeInIndex = 1; lastKnownFileType = text.xcconfig; name = "Pods-Auto1CarsUITests.release.xcconfig"; path = "Target Support Files/Pods-Auto1CarsUITests/Pods-Auto1CarsUITests.release.xcconfig"; sourceTree = "<group>"; };
		A25B50982348891D00B68794 /* Auto1Cars.app */ = {isa = PBXFileReference; explicitFileType = wrapper.application; includeInIndex = 0; path = Auto1Cars.app; sourceTree = BUILT_PRODUCTS_DIR; };
		A25B509B2348891D00B68794 /* AppDelegate.swift */ = {isa = PBXFileReference; lastKnownFileType = sourcecode.swift; path = AppDelegate.swift; sourceTree = "<group>"; };
		A25B509D2348891D00B68794 /* ViewController.swift */ = {isa = PBXFileReference; lastKnownFileType = sourcecode.swift; path = ViewController.swift; sourceTree = "<group>"; };
		A25B50A02348891D00B68794 /* Base */ = {isa = PBXFileReference; lastKnownFileType = file.storyboard; name = Base; path = Base.lproj/Main.storyboard; sourceTree = "<group>"; };
		A25B50A22348892000B68794 /* Assets.xcassets */ = {isa = PBXFileReference; lastKnownFileType = folder.assetcatalog; path = Assets.xcassets; sourceTree = "<group>"; };
		A25B50A52348892000B68794 /* Base */ = {isa = PBXFileReference; lastKnownFileType = file.storyboard; name = Base; path = Base.lproj/LaunchScreen.storyboard; sourceTree = "<group>"; };
		A25B50A72348892000B68794 /* Info.plist */ = {isa = PBXFileReference; lastKnownFileType = text.plist.xml; path = Info.plist; sourceTree = "<group>"; };
		A25B50AC2348892000B68794 /* Auto1CarsTests.xctest */ = {isa = PBXFileReference; explicitFileType = wrapper.cfbundle; includeInIndex = 0; path = Auto1CarsTests.xctest; sourceTree = BUILT_PRODUCTS_DIR; };
		A25B50B02348892000B68794 /* Auto1CarsTests.swift */ = {isa = PBXFileReference; lastKnownFileType = sourcecode.swift; path = Auto1CarsTests.swift; sourceTree = "<group>"; };
		A25B50B22348892000B68794 /* Info.plist */ = {isa = PBXFileReference; lastKnownFileType = text.plist.xml; path = Info.plist; sourceTree = "<group>"; };
		A25B50B72348892000B68794 /* Auto1CarsUITests.xctest */ = {isa = PBXFileReference; explicitFileType = wrapper.cfbundle; includeInIndex = 0; path = Auto1CarsUITests.xctest; sourceTree = BUILT_PRODUCTS_DIR; };
		A25B50BB2348892000B68794 /* Auto1CarsUITests.swift */ = {isa = PBXFileReference; lastKnownFileType = sourcecode.swift; path = Auto1CarsUITests.swift; sourceTree = "<group>"; };
		A25B50BD2348892000B68794 /* Info.plist */ = {isa = PBXFileReference; lastKnownFileType = text.plist.xml; path = Info.plist; sourceTree = "<group>"; };
		B33765FB7F1FC8E108DEBADD /* Pods-Auto1Cars.release.xcconfig */ = {isa = PBXFileReference; includeInIndex = 1; lastKnownFileType = text.xcconfig; name = "Pods-Auto1Cars.release.xcconfig"; path = "Target Support Files/Pods-Auto1Cars/Pods-Auto1Cars.release.xcconfig"; sourceTree = "<group>"; };
		BB17F2B0440B69FE153DB931 /* Pods-Auto1CarsTests.release.xcconfig */ = {isa = PBXFileReference; includeInIndex = 1; lastKnownFileType = text.xcconfig; name = "Pods-Auto1CarsTests.release.xcconfig"; path = "Target Support Files/Pods-Auto1CarsTests/Pods-Auto1CarsTests.release.xcconfig"; sourceTree = "<group>"; };
/* End PBXFileReference section */

/* Begin PBXFrameworksBuildPhase section */
		A25B50952348891D00B68794 /* Frameworks */ = {
			isa = PBXFrameworksBuildPhase;
			buildActionMask = 2147483647;
			files = (
				60069E04EE41668DF6EBF38B /* Pods_Auto1Cars.framework in Frameworks */,
			);
			runOnlyForDeploymentPostprocessing = 0;
		};
		A25B50A92348892000B68794 /* Frameworks */ = {
			isa = PBXFrameworksBuildPhase;
			buildActionMask = 2147483647;
			files = (
				2BF5662CAEA91CFE7B5EC745 /* Pods_Auto1CarsTests.framework in Frameworks */,
			);
			runOnlyForDeploymentPostprocessing = 0;
		};
		A25B50B42348892000B68794 /* Frameworks */ = {
			isa = PBXFrameworksBuildPhase;
			buildActionMask = 2147483647;
			files = (
				BD91352224A9ADFB7EDF4D1C /* Pods_Auto1CarsUITests.framework in Frameworks */,
			);
			runOnlyForDeploymentPostprocessing = 0;
		};
/* End PBXFrameworksBuildPhase section */

/* Begin PBXGroup section */
		4C0553DC36D7FE26E1C53DF4 /* Pods */ = {
			isa = PBXGroup;
			children = (
				52CBDD20EC99C52E70A62288 /* Pods-Auto1Cars.debug.xcconfig */,
				B33765FB7F1FC8E108DEBADD /* Pods-Auto1Cars.release.xcconfig */,
				36D5576F1FD39AE8BCB7B5B1 /* Pods-Auto1CarsTests.debug.xcconfig */,
				BB17F2B0440B69FE153DB931 /* Pods-Auto1CarsTests.release.xcconfig */,
				34EBAE4C968B267D43EAB1B2 /* Pods-Auto1CarsUITests.debug.xcconfig */,
				5B9B2062475EB25C5B378C52 /* Pods-Auto1CarsUITests.release.xcconfig */,
			);
			name = Pods;
			path = Pods;
			sourceTree = "<group>";
		};
		A25B508F2348891D00B68794 = {
			isa = PBXGroup;
			children = (
				A25B509A2348891D00B68794 /* Auto1Cars */,
				A25B50AF2348892000B68794 /* Auto1CarsTests */,
				A25B50BA2348892000B68794 /* Auto1CarsUITests */,
				A25B50992348891D00B68794 /* Products */,
				4C0553DC36D7FE26E1C53DF4 /* Pods */,
				DA7E5998B722098152DD0548 /* Frameworks */,
			);
			sourceTree = "<group>";
		};
		A25B50992348891D00B68794 /* Products */ = {
			isa = PBXGroup;
			children = (
				A25B50982348891D00B68794 /* Auto1Cars.app */,
				A25B50AC2348892000B68794 /* Auto1CarsTests.xctest */,
				A25B50B72348892000B68794 /* Auto1CarsUITests.xctest */,
			);
			name = Products;
			sourceTree = "<group>";
		};
		A25B509A2348891D00B68794 /* Auto1Cars */ = {
			isa = PBXGroup;
			children = (
				A25B509D2348891D00B68794 /* ViewController.swift */,
				A25B50C92348892D00B68794 /* SupportingFiles */,
			);
			path = Auto1Cars;
			sourceTree = "<group>";
		};
		A25B50AF2348892000B68794 /* Auto1CarsTests */ = {
			isa = PBXGroup;
			children = (
				A25B50B02348892000B68794 /* Auto1CarsTests.swift */,
				A25B50B22348892000B68794 /* Info.plist */,
			);
			path = Auto1CarsTests;
			sourceTree = "<group>";
		};
		A25B50BA2348892000B68794 /* Auto1CarsUITests */ = {
			isa = PBXGroup;
			children = (
				A25B50BB2348892000B68794 /* Auto1CarsUITests.swift */,
				A25B50BD2348892000B68794 /* Info.plist */,
			);
			path = Auto1CarsUITests;
			sourceTree = "<group>";
		};
		A25B50C92348892D00B68794 /* SupportingFiles */ = {
			isa = PBXGroup;
			children = (
				A25B509B2348891D00B68794 /* AppDelegate.swift */,
				A25B509F2348891D00B68794 /* Main.storyboard */,
				A25B50A22348892000B68794 /* Assets.xcassets */,
				A25B50A42348892000B68794 /* LaunchScreen.storyboard */,
				A25B50A72348892000B68794 /* Info.plist */,
			);
			path = SupportingFiles;
			sourceTree = "<group>";
		};
		DA7E5998B722098152DD0548 /* Frameworks */ = {
			isa = PBXGroup;
			children = (
				1A97D4B722EF7D4D2A8D2158 /* Pods_Auto1Cars.framework */,
				533B1A62617C45CA70E1ABFF /* Pods_Auto1CarsTests.framework */,
				2751C18EE4385C3DA9C8AA3D /* Pods_Auto1CarsUITests.framework */,
			);
			name = Frameworks;
			sourceTree = "<group>";
		};
/* End PBXGroup section */

/* Begin PBXNativeTarget section */
		A25B50972348891D00B68794 /* Auto1Cars */ = {
			isa = PBXNativeTarget;
			buildConfigurationList = A25B50C02348892000B68794 /* Build configuration list for PBXNativeTarget "Auto1Cars" */;
			buildPhases = (
				1B81CDE53EDD0307EFE56B01 /* [CP] Check Pods Manifest.lock */,
				A25B50942348891D00B68794 /* Sources */,
				A25B50952348891D00B68794 /* Frameworks */,
				A25B50962348891D00B68794 /* Resources */,
				33B9DAA180BC5BDF9491E739 /* [CP] Embed Pods Frameworks */,
			);
			buildRules = (
			);
			dependencies = (
			);
			name = Auto1Cars;
			productName = Auto1Cars;
			productReference = A25B50982348891D00B68794 /* Auto1Cars.app */;
			productType = "com.apple.product-type.application";
		};
		A25B50AB2348892000B68794 /* Auto1CarsTests */ = {
			isa = PBXNativeTarget;
			buildConfigurationList = A25B50C32348892000B68794 /* Build configuration list for PBXNativeTarget "Auto1CarsTests" */;
			buildPhases = (
				CF55BBF1A262E87285570BFF /* [CP] Check Pods Manifest.lock */,
				A25B50A82348892000B68794 /* Sources */,
				A25B50A92348892000B68794 /* Frameworks */,
				A25B50AA2348892000B68794 /* Resources */,
			);
			buildRules = (
			);
			dependencies = (
				A25B50AE2348892000B68794 /* PBXTargetDependency */,
			);
			name = Auto1CarsTests;
			productName = Auto1CarsTests;
			productReference = A25B50AC2348892000B68794 /* Auto1CarsTests.xctest */;
			productType = "com.apple.product-type.bundle.unit-test";
		};
		A25B50B62348892000B68794 /* Auto1CarsUITests */ = {
			isa = PBXNativeTarget;
			buildConfigurationList = A25B50C62348892000B68794 /* Build configuration list for PBXNativeTarget "Auto1CarsUITests" */;
			buildPhases = (
				9992AA0ECB4E77D26AA96CF4 /* [CP] Check Pods Manifest.lock */,
				A25B50B32348892000B68794 /* Sources */,
				A25B50B42348892000B68794 /* Frameworks */,
				A25B50B52348892000B68794 /* Resources */,
			);
			buildRules = (
			);
			dependencies = (
				A25B50B92348892000B68794 /* PBXTargetDependency */,
			);
			name = Auto1CarsUITests;
			productName = Auto1CarsUITests;
			productReference = A25B50B72348892000B68794 /* Auto1CarsUITests.xctest */;
			productType = "com.apple.product-type.bundle.ui-testing";
		};
/* End PBXNativeTarget section */

/* Begin PBXProject section */
		A25B50902348891D00B68794 /* Project object */ = {
			isa = PBXProject;
			attributes = {
				LastSwiftUpdateCheck = 1020;
				LastUpgradeCheck = 1020;
				ORGANIZATIONNAME = Auto1;
				TargetAttributes = {
					A25B50972348891D00B68794 = {
						CreatedOnToolsVersion = 10.2;
					};
					A25B50AB2348892000B68794 = {
						CreatedOnToolsVersion = 10.2;
						TestTargetID = A25B50972348891D00B68794;
					};
					A25B50B62348892000B68794 = {
						CreatedOnToolsVersion = 10.2;
						TestTargetID = A25B50972348891D00B68794;
					};
				};
			};
			buildConfigurationList = A25B50932348891D00B68794 /* Build configuration list for PBXProject "Auto1Cars" */;
			compatibilityVersion = "Xcode 9.3";
			developmentRegion = en;
			hasScannedForEncodings = 0;
			knownRegions = (
				en,
				Base,
			);
			mainGroup = A25B508F2348891D00B68794;
			productRefGroup = A25B50992348891D00B68794 /* Products */;
			projectDirPath = "";
			projectRoot = "";
			targets = (
				A25B50972348891D00B68794 /* Auto1Cars */,
				A25B50AB2348892000B68794 /* Auto1CarsTests */,
				A25B50B62348892000B68794 /* Auto1CarsUITests */,
			);
		};
/* End PBXProject section */

/* Begin PBXResourcesBuildPhase section */
		A25B50962348891D00B68794 /* Resources */ = {
			isa = PBXResourcesBuildPhase;
			buildActionMask = 2147483647;
			files = (
				A25B50A62348892000B68794 /* LaunchScreen.storyboard in Resources */,
				A25B50A32348892000B68794 /* Assets.xcassets in Resources */,
				A25B50A12348891D00B68794 /* Main.storyboard in Resources */,
			);
			runOnlyForDeploymentPostprocessing = 0;
		};
		A25B50AA2348892000B68794 /* Resources */ = {
			isa = PBXResourcesBuildPhase;
			buildActionMask = 2147483647;
			files = (
			);
			runOnlyForDeploymentPostprocessing = 0;
		};
		A25B50B52348892000B68794 /* Resources */ = {
			isa = PBXResourcesBuildPhase;
			buildActionMask = 2147483647;
			files = (
			);
			runOnlyForDeploymentPostprocessing = 0;
		};
/* End PBXResourcesBuildPhase section */

/* Begin PBXShellScriptBuildPhase section */
		1B81CDE53EDD0307EFE56B01 /* [CP] Check Pods Manifest.lock */ = {
			isa = PBXShellScriptBuildPhase;
			buildActionMask = 2147483647;
			files = (
			);
			inputFileListPaths = (
			);
			inputPaths = (
				"${PODS_PODFILE_DIR_PATH}/Podfile.lock",
				"${PODS_ROOT}/Manifest.lock",
			);
			name = "[CP] Check Pods Manifest.lock";
			outputFileListPaths = (
			);
			outputPaths = (
				"$(DERIVED_FILE_DIR)/Pods-Auto1Cars-checkManifestLockResult.txt",
			);
			runOnlyForDeploymentPostprocessing = 0;
			shellPath = /bin/sh;
			shellScript = "diff \"${PODS_PODFILE_DIR_PATH}/Podfile.lock\" \"${PODS_ROOT}/Manifest.lock\" > /dev/null\nif [ $? != 0 ] ; then\n    # print error to STDERR\n    echo \"error: The sandbox is not in sync with the Podfile.lock. Run 'pod install' or update your CocoaPods installation.\" >&2\n    exit 1\nfi\n# This output is used by Xcode 'outputs' to avoid re-running this script phase.\necho \"SUCCESS\" > \"${SCRIPT_OUTPUT_FILE_0}\"\n";
			showEnvVarsInLog = 0;
		};
		33B9DAA180BC5BDF9491E739 /* [CP] Embed Pods Frameworks */ = {
			isa = PBXShellScriptBuildPhase;
			buildActionMask = 2147483647;
			files = (
			);
			inputFileListPaths = (
				"${PODS_ROOT}/Target Support Files/Pods-Auto1Cars/Pods-Auto1Cars-frameworks-${CONFIGURATION}-input-files.xcfilelist",
			);
			name = "[CP] Embed Pods Frameworks";
			outputFileListPaths = (
				"${PODS_ROOT}/Target Support Files/Pods-Auto1Cars/Pods-Auto1Cars-frameworks-${CONFIGURATION}-output-files.xcfilelist",
			);
			runOnlyForDeploymentPostprocessing = 0;
			shellPath = /bin/sh;
			shellScript = "\"${PODS_ROOT}/Target Support Files/Pods-Auto1Cars/Pods-Auto1Cars-frameworks.sh\"\n";
			showEnvVarsInLog = 0;
		};
		9992AA0ECB4E77D26AA96CF4 /* [CP] Check Pods Manifest.lock */ = {
			isa = PBXShellScriptBuildPhase;
			buildActionMask = 2147483647;
			files = (
			);
			inputFileListPaths = (
			);
			inputPaths = (
				"${PODS_PODFILE_DIR_PATH}/Podfile.lock",
				"${PODS_ROOT}/Manifest.lock",
			);
			name = "[CP] Check Pods Manifest.lock";
			outputFileListPaths = (
			);
			outputPaths = (
				"$(DERIVED_FILE_DIR)/Pods-Auto1CarsUITests-checkManifestLockResult.txt",
			);
			runOnlyForDeploymentPostprocessing = 0;
			shellPath = /bin/sh;
			shellScript = "diff \"${PODS_PODFILE_DIR_PATH}/Podfile.lock\" \"${PODS_ROOT}/Manifest.lock\" > /dev/null\nif [ $? != 0 ] ; then\n    # print error to STDERR\n    echo \"error: The sandbox is not in sync with the Podfile.lock. Run 'pod install' or update your CocoaPods installation.\" >&2\n    exit 1\nfi\n# This output is used by Xcode 'outputs' to avoid re-running this script phase.\necho \"SUCCESS\" > \"${SCRIPT_OUTPUT_FILE_0}\"\n";
			showEnvVarsInLog = 0;
		};
		CF55BBF1A262E87285570BFF /* [CP] Check Pods Manifest.lock */ = {
			isa = PBXShellScriptBuildPhase;
			buildActionMask = 2147483647;
			files = (
			);
			inputFileListPaths = (
			);
			inputPaths = (
				"${PODS_PODFILE_DIR_PATH}/Podfile.lock",
				"${PODS_ROOT}/Manifest.lock",
			);
			name = "[CP] Check Pods Manifest.lock";
			outputFileListPaths = (
			);
			outputPaths = (
				"$(DERIVED_FILE_DIR)/Pods-Auto1CarsTests-checkManifestLockResult.txt",
			);
			runOnlyForDeploymentPostprocessing = 0;
			shellPath = /bin/sh;
			shellScript = "diff \"${PODS_PODFILE_DIR_PATH}/Podfile.lock\" \"${PODS_ROOT}/Manifest.lock\" > /dev/null\nif [ $? != 0 ] ; then\n    # print error to STDERR\n    echo \"error: The sandbox is not in sync with the Podfile.lock. Run 'pod install' or update your CocoaPods installation.\" >&2\n    exit 1\nfi\n# This output is used by Xcode 'outputs' to avoid re-running this script phase.\necho \"SUCCESS\" > \"${SCRIPT_OUTPUT_FILE_0}\"\n";
			showEnvVarsInLog = 0;
		};
/* End PBXShellScriptBuildPhase section */

/* Begin PBXSourcesBuildPhase section */
		A25B50942348891D00B68794 /* Sources */ = {
			isa = PBXSourcesBuildPhase;
			buildActionMask = 2147483647;
			files = (
				A25B509E2348891D00B68794 /* ViewController.swift in Sources */,
				A25B509C2348891D00B68794 /* AppDelegate.swift in Sources */,
			);
			runOnlyForDeploymentPostprocessing = 0;
		};
		A25B50A82348892000B68794 /* Sources */ = {
			isa = PBXSourcesBuildPhase;
			buildActionMask = 2147483647;
			files = (
				A25B50B12348892000B68794 /* Auto1CarsTests.swift in Sources */,
			);
			runOnlyForDeploymentPostprocessing = 0;
		};
		A25B50B32348892000B68794 /* Sources */ = {
			isa = PBXSourcesBuildPhase;
			buildActionMask = 2147483647;
			files = (
				A25B50BC2348892000B68794 /* Auto1CarsUITests.swift in Sources */,
			);
			runOnlyForDeploymentPostprocessing = 0;
		};
/* End PBXSourcesBuildPhase section */

/* Begin PBXTargetDependency section */
		A25B50AE2348892000B68794 /* PBXTargetDependency */ = {
			isa = PBXTargetDependency;
			target = A25B50972348891D00B68794 /* Auto1Cars */;
			targetProxy = A25B50AD2348892000B68794 /* PBXContainerItemProxy */;
		};
		A25B50B92348892000B68794 /* PBXTargetDependency */ = {
			isa = PBXTargetDependency;
			target = A25B50972348891D00B68794 /* Auto1Cars */;
			targetProxy = A25B50B82348892000B68794 /* PBXContainerItemProxy */;
		};
/* End PBXTargetDependency section */

/* Begin PBXVariantGroup section */
		A25B509F2348891D00B68794 /* Main.storyboard */ = {
			isa = PBXVariantGroup;
			children = (
				A25B50A02348891D00B68794 /* Base */,
			);
			name = Main.storyboard;
			sourceTree = "<group>";
		};
		A25B50A42348892000B68794 /* LaunchScreen.storyboard */ = {
			isa = PBXVariantGroup;
			children = (
				A25B50A52348892000B68794 /* Base */,
			);
			name = LaunchScreen.storyboard;
			sourceTree = "<group>";
		};
/* End PBXVariantGroup section */

/* Begin XCBuildConfiguration section */
		A25B50BE2348892000B68794 /* Debug */ = {
			isa = XCBuildConfiguration;
			buildSettings = {
				ALWAYS_SEARCH_USER_PATHS = NO;
				CLANG_ANALYZER_NONNULL = YES;
				CLANG_ANALYZER_NUMBER_OBJECT_CONVERSION = YES_AGGRESSIVE;
				CLANG_CXX_LANGUAGE_STANDARD = "gnu++14";
				CLANG_CXX_LIBRARY = "libc++";
				CLANG_ENABLE_MODULES = YES;
				CLANG_ENABLE_OBJC_ARC = YES;
				CLANG_ENABLE_OBJC_WEAK = YES;
				CLANG_WARN_BLOCK_CAPTURE_AUTORELEASING = YES;
				CLANG_WARN_BOOL_CONVERSION = YES;
				CLANG_WARN_COMMA = YES;
				CLANG_WARN_CONSTANT_CONVERSION = YES;
				CLANG_WARN_DEPRECATED_OBJC_IMPLEMENTATIONS = YES;
				CLANG_WARN_DIRECT_OBJC_ISA_USAGE = YES_ERROR;
				CLANG_WARN_DOCUMENTATION_COMMENTS = YES;
				CLANG_WARN_EMPTY_BODY = YES;
				CLANG_WARN_ENUM_CONVERSION = YES;
				CLANG_WARN_INFINITE_RECURSION = YES;
				CLANG_WARN_INT_CONVERSION = YES;
				CLANG_WARN_NON_LITERAL_NULL_CONVERSION = YES;
				CLANG_WARN_OBJC_IMPLICIT_RETAIN_SELF = YES;
				CLANG_WARN_OBJC_LITERAL_CONVERSION = YES;
				CLANG_WARN_OBJC_ROOT_CLASS = YES_ERROR;
				CLANG_WARN_RANGE_LOOP_ANALYSIS = YES;
				CLANG_WARN_STRICT_PROTOTYPES = YES;
				CLANG_WARN_SUSPICIOUS_MOVE = YES;
				CLANG_WARN_UNGUARDED_AVAILABILITY = YES_AGGRESSIVE;
				CLANG_WARN_UNREACHABLE_CODE = YES;
				CLANG_WARN__DUPLICATE_METHOD_MATCH = YES;
				CODE_SIGN_IDENTITY = "iPhone Developer";
				COPY_PHASE_STRIP = NO;
				DEBUG_INFORMATION_FORMAT = dwarf;
				ENABLE_STRICT_OBJC_MSGSEND = YES;
				ENABLE_TESTABILITY = YES;
				GCC_C_LANGUAGE_STANDARD = gnu11;
				GCC_DYNAMIC_NO_PIC = NO;
				GCC_NO_COMMON_BLOCKS = YES;
				GCC_OPTIMIZATION_LEVEL = 0;
				GCC_PREPROCESSOR_DEFINITIONS = (
					"DEBUG=1",
					"$(inherited)",
				);
				GCC_WARN_64_TO_32_BIT_CONVERSION = YES;
				GCC_WARN_ABOUT_RETURN_TYPE = YES_ERROR;
				GCC_WARN_UNDECLARED_SELECTOR = YES;
				GCC_WARN_UNINITIALIZED_AUTOS = YES_AGGRESSIVE;
				GCC_WARN_UNUSED_FUNCTION = YES;
				GCC_WARN_UNUSED_VARIABLE = YES;
				IPHONEOS_DEPLOYMENT_TARGET = 12.2;
				MTL_ENABLE_DEBUG_INFO = INCLUDE_SOURCE;
				MTL_FAST_MATH = YES;
				ONLY_ACTIVE_ARCH = YES;
				SDKROOT = iphoneos;
				SWIFT_ACTIVE_COMPILATION_CONDITIONS = DEBUG;
				SWIFT_OPTIMIZATION_LEVEL = "-Onone";
			};
			name = Debug;
		};
		A25B50BF2348892000B68794 /* Release */ = {
			isa = XCBuildConfiguration;
			buildSettings = {
				ALWAYS_SEARCH_USER_PATHS = NO;
				CLANG_ANALYZER_NONNULL = YES;
				CLANG_ANALYZER_NUMBER_OBJECT_CONVERSION = YES_AGGRESSIVE;
				CLANG_CXX_LANGUAGE_STANDARD = "gnu++14";
				CLANG_CXX_LIBRARY = "libc++";
				CLANG_ENABLE_MODULES = YES;
				CLANG_ENABLE_OBJC_ARC = YES;
				CLANG_ENABLE_OBJC_WEAK = YES;
				CLANG_WARN_BLOCK_CAPTURE_AUTORELEASING = YES;
				CLANG_WARN_BOOL_CONVERSION = YES;
				CLANG_WARN_COMMA = YES;
				CLANG_WARN_CONSTANT_CONVERSION = YES;
				CLANG_WARN_DEPRECATED_OBJC_IMPLEMENTATIONS = YES;
				CLANG_WARN_DIRECT_OBJC_ISA_USAGE = YES_ERROR;
				CLANG_WARN_DOCUMENTATION_COMMENTS = YES;
				CLANG_WARN_EMPTY_BODY = YES;
				CLANG_WARN_ENUM_CONVERSION = YES;
				CLANG_WARN_INFINITE_RECURSION = YES;
				CLANG_WARN_INT_CONVERSION = YES;
				CLANG_WARN_NON_LITERAL_NULL_CONVERSION = YES;
				CLANG_WARN_OBJC_IMPLICIT_RETAIN_SELF = YES;
				CLANG_WARN_OBJC_LITERAL_CONVERSION = YES;
				CLANG_WARN_OBJC_ROOT_CLASS = YES_ERROR;
				CLANG_WARN_RANGE_LOOP_ANALYSIS = YES;
				CLANG_WARN_STRICT_PROTOTYPES = YES;
				CLANG_WARN_SUSPICIOUS_MOVE = YES;
				CLANG_WARN_UNGUARDED_AVAILABILITY = YES_AGGRESSIVE;
				CLANG_WARN_UNREACHABLE_CODE = YES;
				CLANG_WARN__DUPLICATE_METHOD_MATCH = YES;
				CODE_SIGN_IDENTITY = "iPhone Developer";
				COPY_PHASE_STRIP = NO;
				DEBUG_INFORMATION_FORMAT = "dwarf-with-dsym";
				ENABLE_NS_ASSERTIONS = NO;
				ENABLE_STRICT_OBJC_MSGSEND = YES;
				GCC_C_LANGUAGE_STANDARD = gnu11;
				GCC_NO_COMMON_BLOCKS = YES;
				GCC_WARN_64_TO_32_BIT_CONVERSION = YES;
				GCC_WARN_ABOUT_RETURN_TYPE = YES_ERROR;
				GCC_WARN_UNDECLARED_SELECTOR = YES;
				GCC_WARN_UNINITIALIZED_AUTOS = YES_AGGRESSIVE;
				GCC_WARN_UNUSED_FUNCTION = YES;
				GCC_WARN_UNUSED_VARIABLE = YES;
				IPHONEOS_DEPLOYMENT_TARGET = 12.2;
				MTL_ENABLE_DEBUG_INFO = NO;
				MTL_FAST_MATH = YES;
				SDKROOT = iphoneos;
				SWIFT_COMPILATION_MODE = wholemodule;
				SWIFT_OPTIMIZATION_LEVEL = "-O";
				VALIDATE_PRODUCT = YES;
			};
			name = Release;
		};
		A25B50C12348892000B68794 /* Debug */ = {
			isa = XCBuildConfiguration;
			baseConfigurationReference = 52CBDD20EC99C52E70A62288 /* Pods-Auto1Cars.debug.xcconfig */;
			buildSettings = {
				ASSETCATALOG_COMPILER_APPICON_NAME = AppIcon;
				CODE_SIGN_STYLE = Automatic;
				INFOPLIST_FILE = Auto1Cars/Info.plist;
				LD_RUNPATH_SEARCH_PATHS = (
					"$(inherited)",
					"@executable_path/Frameworks",
				);
				PRODUCT_BUNDLE_IDENTIFIER = Auto1.Auto1Cars;
				PRODUCT_NAME = "$(TARGET_NAME)";
				SWIFT_VERSION = 5.0;
				TARGETED_DEVICE_FAMILY = "1,2";
			};
			name = Debug;
		};
		A25B50C22348892000B68794 /* Release */ = {
			isa = XCBuildConfiguration;
			baseConfigurationReference = B33765FB7F1FC8E108DEBADD /* Pods-Auto1Cars.release.xcconfig */;
			buildSettings = {
				ASSETCATALOG_COMPILER_APPICON_NAME = AppIcon;
				CODE_SIGN_STYLE = Automatic;
				INFOPLIST_FILE = Auto1Cars/Info.plist;
				LD_RUNPATH_SEARCH_PATHS = (
					"$(inherited)",
					"@executable_path/Frameworks",
				);
				PRODUCT_BUNDLE_IDENTIFIER = Auto1.Auto1Cars;
				PRODUCT_NAME = "$(TARGET_NAME)";
				SWIFT_VERSION = 5.0;
				TARGETED_DEVICE_FAMILY = "1,2";
			};
			name = Release;
		};
		A25B50C42348892000B68794 /* Debug */ = {
			isa = XCBuildConfiguration;
			baseConfigurationReference = 36D5576F1FD39AE8BCB7B5B1 /* Pods-Auto1CarsTests.debug.xcconfig */;
			buildSettings = {
				ALWAYS_EMBED_SWIFT_STANDARD_LIBRARIES = YES;
				BUNDLE_LOADER = "$(TEST_HOST)";
				CODE_SIGN_STYLE = Automatic;
				INFOPLIST_FILE = Auto1CarsTests/Info.plist;
				LD_RUNPATH_SEARCH_PATHS = (
					"$(inherited)",
					"@executable_path/Frameworks",
					"@loader_path/Frameworks",
				);
				PRODUCT_BUNDLE_IDENTIFIER = Auto1.Auto1CarsTests;
				PRODUCT_NAME = "$(TARGET_NAME)";
				SWIFT_VERSION = 5.0;
				TARGETED_DEVICE_FAMILY = "1,2";
				TEST_HOST = "$(BUILT_PRODUCTS_DIR)/Auto1Cars.app/Auto1Cars";
			};
			name = Debug;
		};
		A25B50C52348892000B68794 /* Release */ = {
			isa = XCBuildConfiguration;
			baseConfigurationReference = BB17F2B0440B69FE153DB931 /* Pods-Auto1CarsTests.release.xcconfig */;
			buildSettings = {
				ALWAYS_EMBED_SWIFT_STANDARD_LIBRARIES = YES;
				BUNDLE_LOADER = "$(TEST_HOST)";
				CODE_SIGN_STYLE = Automatic;
				INFOPLIST_FILE = Auto1CarsTests/Info.plist;
				LD_RUNPATH_SEARCH_PATHS = (
					"$(inherited)",
					"@executable_path/Frameworks",
					"@loader_path/Frameworks",
				);
				PRODUCT_BUNDLE_IDENTIFIER = Auto1.Auto1CarsTests;
				PRODUCT_NAME = "$(TARGET_NAME)";
				SWIFT_VERSION = 5.0;
				TARGETED_DEVICE_FAMILY = "1,2";
				TEST_HOST = "$(BUILT_PRODUCTS_DIR)/Auto1Cars.app/Auto1Cars";
			};
			name = Release;
		};
		A25B50C72348892000B68794 /* Debug */ = {
			isa = XCBuildConfiguration;
			baseConfigurationReference = 34EBAE4C968B267D43EAB1B2 /* Pods-Auto1CarsUITests.debug.xcconfig */;
			buildSettings = {
				ALWAYS_EMBED_SWIFT_STANDARD_LIBRARIES = YES;
				CODE_SIGN_STYLE = Automatic;
				INFOPLIST_FILE = Auto1CarsUITests/Info.plist;
				LD_RUNPATH_SEARCH_PATHS = (
					"$(inherited)",
					"@executable_path/Frameworks",
					"@loader_path/Frameworks",
				);
				PRODUCT_BUNDLE_IDENTIFIER = Auto1.Auto1CarsUITests;
				PRODUCT_NAME = "$(TARGET_NAME)";
				SWIFT_VERSION = 5.0;
				TARGETED_DEVICE_FAMILY = "1,2";
				TEST_TARGET_NAME = Auto1Cars;
			};
			name = Debug;
		};
		A25B50C82348892000B68794 /* Release */ = {
			isa = XCBuildConfiguration;
			baseConfigurationReference = 5B9B2062475EB25C5B378C52 /* Pods-Auto1CarsUITests.release.xcconfig */;
			buildSettings = {
				ALWAYS_EMBED_SWIFT_STANDARD_LIBRARIES = YES;
				CODE_SIGN_STYLE = Automatic;
				INFOPLIST_FILE = Auto1CarsUITests/Info.plist;
				LD_RUNPATH_SEARCH_PATHS = (
					"$(inherited)",
					"@executable_path/Frameworks",
					"@loader_path/Frameworks",
				);
				PRODUCT_BUNDLE_IDENTIFIER = Auto1.Auto1CarsUITests;
				PRODUCT_NAME = "$(TARGET_NAME)";
				SWIFT_VERSION = 5.0;
				TARGETED_DEVICE_FAMILY = "1,2";
				TEST_TARGET_NAME = Auto1Cars;
			};
			name = Release;
		};
/* End XCBuildConfiguration section */

/* Begin XCConfigurationList section */
		A25B50932348891D00B68794 /* Build configuration list for PBXProject "Auto1Cars" */ = {
			isa = XCConfigurationList;
			buildConfigurations = (
				A25B50BE2348892000B68794 /* Debug */,
				A25B50BF2348892000B68794 /* Release */,
			);
			defaultConfigurationIsVisible = 0;
			defaultConfigurationName = Release;
		};
		A25B50C02348892000B68794 /* Build configuration list for PBXNativeTarget "Auto1Cars" */ = {
			isa = XCConfigurationList;
			buildConfigurations = (
				A25B50C12348892000B68794 /* Debug */,
				A25B50C22348892000B68794 /* Release */,
			);
			defaultConfigurationIsVisible = 0;
			defaultConfigurationName = Release;
		};
		A25B50C32348892000B68794 /* Build configuration list for PBXNativeTarget "Auto1CarsTests" */ = {
			isa = XCConfigurationList;
			buildConfigurations = (
				A25B50C42348892000B68794 /* Debug */,
				A25B50C52348892000B68794 /* Release */,
			);
			defaultConfigurationIsVisible = 0;
			defaultConfigurationName = Release;
		};
		A25B50C62348892000B68794 /* Build configuration list for PBXNativeTarget "Auto1CarsUITests" */ = {
			isa = XCConfigurationList;
			buildConfigurations = (
				A25B50C72348892000B68794 /* Debug */,
				A25B50C82348892000B68794 /* Release */,
			);
			defaultConfigurationIsVisible = 0;
			defaultConfigurationName = Release;
		};
/* End XCConfigurationList section */
	};
	rootObject = A25B50902348891D00B68794 /* Project object */;
}
